
Microsoft Visual Studio Solution File, Format Version 12.00
# Visual Studio Version 16
VisualStudioVersion = 16.0.29911.84
MinimumVisualStudioVersion = 10.0.40219.1
Project("{FAE04EC0-301F-11D3-BF4B-00C04F79EFBC}") = "Hello", "Hello\Hello.csproj", "{753C6625-708A-4341-A5C2-A320682B628C}"
EndProject
Project("{FAE04EC0-301F-11D3-BF4B-00C04F79EFBC}") = "HUSCLib", "HUSCLib\HUSCLib.csproj", "{C5CA480F-F6DB-4EE5-BFBA-2A0D61E251C8}"
EndProject
Project("{FAE04EC0-301F-11D3-BF4B-00C04F79EFBC}") = "WinformBasic", "WinformBasic\WinformBasic.csproj", "{8F254D8C-5BBE-40D2-A822-FF6EE53F506C}"
EndProject
Project("{FAE04EC0-301F-11D3-BF4B-00C04F79EFBC}") = "ProfileStudent", "ProfileStudent\ProfileStudent.csproj", "{2940920C-E9FF-47B2-A5B1-78750D0ED4CC}"
EndProject
Project("{FAE04EC0-301F-11D3-BF4B-00C04F79EFBC}") = "QLSV", "QLSV\QLSV.csproj", "{644AA665-9B91-43D6-872F-D6BACBD927E0}"
EndProject
Project("{FAE04EC0-301F-11D3-BF4B-00C04F79EFBC}") = "QLSV_O nha", "QLSV_O nha\QLSV_O nha.csproj", "{2CAA3043-BC13-4C68-B2C0-7853DC193422}"
EndProject
Project("{FAE04EC0-301F-11D3-BF4B-00C04F79EFBC}") = "AppQLSV", "AppQLSV\AppQLSV.csproj", "{49288469-6F88-4E4E-ACD7-726EB38E2C9F}"
EndProject
Project("{FAE04EC0-301F-11D3-BF4B-00C04F79EFBC}") = "AppQLSV_ONHA", "AppQLSV_ONHA\AppQLSV_ONHA.csproj", "{8DD7095D-9F30-4CA6-AC58-DE37F4451E69}"
EndProject
Project("{FAE04EC0-301F-11D3-BF4B-00C04F79EFBC}") = "MyNotepad", "MyNotepad\MyNotepad.csproj", "{83C386D1-A279-423B-B6C8-9A8BD9F99E6C}"
EndProject
Project("{FAE04EC0-301F-11D3-BF4B-00C04F79EFBC}") = "myFileViewer", "myFileViewer\myFileViewer.csproj", "{393D7655-512B-45D1-90AF-07CE7DCB8EBD}"
EndProject
Global
	GlobalSection(SolutionConfigurationPlatforms) = preSolution
		Debug|Any CPU = Debug|Any CPU
		Release|Any CPU = Release|Any CPU
	EndGlobalSection
	GlobalSection(ProjectConfigurationPlatforms) = postSolution
		{753C6625-708A-4341-A5C2-A320682B628C}.Debug|Any CPU.ActiveCfg = Debug|Any CPU
		{753C6625-708A-4341-A5C2-A320682B628C}.Debug|Any CPU.Build.0 = Debug|Any CPU
		{753C6625-708A-4341-A5C2-A320682B628C}.Release|Any CPU.ActiveCfg = Release|Any CPU
		{753C6625-708A-4341-A5C2-A320682B628C}.Release|Any CPU.Build.0 = Release|Any CPU
		{C5CA480F-F6DB-4EE5-BFBA-2A0D61E251C8}.Debug|Any CPU.ActiveCfg = Debug|Any CPU
		{C5CA480F-F6DB-4EE5-BFBA-2A0D61E251C8}.Debug|Any CPU.Build.0 = Debug|Any CPU
		{C5CA480F-F6DB-4EE5-BFBA-2A0D61E251C8}.Release|Any CPU.ActiveCfg = Release|Any CPU
		{C5CA480F-F6DB-4EE5-BFBA-2A0D61E251C8}.Release|Any CPU.Build.0 = Release|Any CPU
		{8F254D8C-5BBE-40D2-A822-FF6EE53F506C}.Debug|Any CPU.ActiveCfg = Debug|Any CPU
		{8F254D8C-5BBE-40D2-A822-FF6EE53F506C}.Debug|Any CPU.Build.0 = Debug|Any CPU
		{8F254D8C-5BBE-40D2-A822-FF6EE53F506C}.Release|Any CPU.ActiveCfg = Release|Any CPU
		{8F254D8C-5BBE-40D2-A822-FF6EE53F506C}.Release|Any CPU.Build.0 = Release|Any CPU
		{2940920C-E9FF-47B2-A5B1-78750D0ED4CC}.Debug|Any CPU.ActiveCfg = Debug|Any CPU
		{2940920C-E9FF-47B2-A5B1-78750D0ED4CC}.Debug|Any CPU.Build.0 = Debug|Any CPU
		{2940920C-E9FF-47B2-A5B1-78750D0ED4CC}.Release|Any CPU.ActiveCfg = Release|Any CPU
		{2940920C-E9FF-47B2-A5B1-78750D0ED4CC}.Release|Any CPU.Build.0 = Release|Any CPU
		{644AA665-9B91-43D6-872F-D6BACBD927E0}.Debug|Any CPU.ActiveCfg = Debug|Any CPU
		{644AA665-9B91-43D6-872F-D6BACBD927E0}.Debug|Any CPU.Build.0 = Debug|Any CPU
		{644AA665-9B91-43D6-872F-D6BACBD927E0}.Release|Any CPU.ActiveCfg = Release|Any CPU
		{644AA665-9B91-43D6-872F-D6BACBD927E0}.Release|Any CPU.Build.0 = Release|Any CPU
		{2CAA3043-BC13-4C68-B2C0-7853DC193422}.Debug|Any CPU.ActiveCfg = Debug|Any CPU
		{2CAA3043-BC13-4C68-B2C0-7853DC193422}.Debug|Any CPU.Build.0 = Debug|Any CPU
		{2CAA3043-BC13-4C68-B2C0-7853DC193422}.Release|Any CPU.ActiveCfg = Release|Any CPU
		{2CAA3043-BC13-4C68-B2C0-7853DC193422}.Release|Any CPU.Build.0 = Release|Any CPU
		{49288469-6F88-4E4E-ACD7-726EB38E2C9F}.Debug|Any CPU.ActiveCfg = Debug|Any CPU
		{49288469-6F88-4E4E-ACD7-726EB38E2C9F}.Debug|Any CPU.Build.0 = Debug|Any CPU
		{49288469-6F88-4E4E-ACD7-726EB38E2C9F}.Release|Any CPU.ActiveCfg = Release|Any CPU
		{49288469-6F88-4E4E-ACD7-726EB38E2C9F}.Release|Any CPU.Build.0 = Release|Any CPU
		{8DD7095D-9F30-4CA6-AC58-DE37F4451E69}.Debug|Any CPU.ActiveCfg = Debug|Any CPU
		{8DD7095D-9F30-4CA6-AC58-DE37F4451E69}.Debug|Any CPU.Build.0 = Debug|Any CPU
		{8DD7095D-9F30-4CA6-AC58-DE37F4451E69}.Release|Any CPU.ActiveCfg = Release|Any CPU
		{8DD7095D-9F30-4CA6-AC58-DE37F4451E69}.Release|Any CPU.Build.0 = Release|Any CPU
		{83C386D1-A279-423B-B6C8-9A8BD9F99E6C}.Debug|Any CPU.ActiveCfg = Debug|Any CPU
		{83C386D1-A279-423B-B6C8-9A8BD9F99E6C}.Debug|Any CPU.Build.0 = Debug|Any CPU
		{83C386D1-A279-423B-B6C8-9A8BD9F99E6C}.Release|Any CPU.ActiveCfg = Release|Any CPU
		{83C386D1-A279-423B-B6C8-9A8BD9F99E6C}.Release|Any CPU.Build.0 = Release|Any CPU
		{393D7655-512B-45D1-90AF-07CE7DCB8EBD}.Debug|Any CPU.ActiveCfg = Debug|Any CPU
		{393D7655-512B-45D1-90AF-07CE7DCB8EBD}.Debug|Any CPU.Build.0 = Debug|Any CPU
		{393D7655-512B-45D1-90AF-07CE7DCB8EBD}.Release|Any CPU.ActiveCfg = Release|Any CPU
		{393D7655-512B-45D1-90AF-07CE7DCB8EBD}.Release|Any CPU.Build.0 = Release|Any CPU
	EndGlobalSection
	GlobalSection(SolutionProperties) = preSolution
		HideSolutionNode = FALSE
	EndGlobalSection
	GlobalSection(ExtensibilityGlobals) = postSolution
		SolutionGuid = {50D73C0F-AFE8-4F43-B67B-F8B070798617}
	EndGlobalSection
EndGlobal
